
Microsoft Visual Studio Solution File, Format Version 12.00
Project("{FAE04EC0-301F-11D3-BF4B-00C04F79EFBC}") = "ConsoleApp4", "ConsoleApp4\ConsoleApp4.csproj", "{9E429D1E-6365-463A-A11B-1725B973586B}"
EndProject
Global
	GlobalSection(SolutionConfigurationPlatforms) = preSolution
		Debug|Any CPU = Debug|Any CPU
		Release|Any CPU = Release|Any CPU
	EndGlobalSection
	GlobalSection(ProjectConfigurationPlatforms) = postSolution
		{9E429D1E-6365-463A-A11B-1725B973586B}.Debug|Any CPU.ActiveCfg = Debug|Any CPU
		{9E429D1E-6365-463A-A11B-1725B973586B}.Debug|Any CPU.Build.0 = Debug|Any CPU
		{9E429D1E-6365-463A-A11B-1725B973586B}.Release|Any CPU.ActiveCfg = Release|Any CPU
		{9E429D1E-6365-463A-A11B-1725B973586B}.Release|Any CPU.Build.0 = Release|Any CPU
	EndGlobalSection
EndGlobal
